
Microsoft Visual Studio Solution File, Format Version 12.00
# Visual Studio 14
VisualStudioVersion = 14.0.23107.0
MinimumVisualStudioVersion = 10.0.40219.1
Project("{8BC9CEB8-8B4A-11D0-8D11-00A0C91BC942}") = "Sockets", "Sockets\Sockets.vcxproj", "{CA3129B8-1BF4-44C9-B116-53EC72D0BCCB}"
EndProject
Project("{8BC9CEB8-8B4A-11D0-8D11-00A0C91BC942}") = "Cpp11-BlockingQueue", "Cpp11-BlockingQueue\Cpp11-BlockingQueue.vcxproj", "{38A1D03D-7747-4F79-9539-358F1D1D8DD7}"
EndProject
Project("{8BC9CEB8-8B4A-11D0-8D11-00A0C91BC942}") = "DataStore", "DataStore\DataStore.vcxproj", "{B816C2D9-4493-47DD-9AC2-2979F5354E2B}"
EndProject
Project("{8BC9CEB8-8B4A-11D0-8D11-00A0C91BC942}") = "FileMgr", "FileMgr\FileMgr.vcxproj", "{DDEE27FF-855E-4D10-AD7B-79CB8966EF13}"
EndProject
Project("{8BC9CEB8-8B4A-11D0-8D11-00A0C91BC942}") = "Utilities", "Utilities\Utilities.vcxproj", "{462B43B2-8B13-4178-BF2A-903F76F1985C}"
EndProject
Project("{8BC9CEB8-8B4A-11D0-8D11-00A0C91BC942}") = "HTTPMessage", "HTTPMessage\HTTPMessage.vcxproj", "{F66840EA-891C-4671-BF1D-E923D0450B61}"
EndProject
Project("{8BC9CEB8-8B4A-11D0-8D11-00A0C91BC942}") = "zWindowsHelpers", "WindowsHelpers\zWindowsHelpers.vcxproj", "{3407BBC5-5BC7-4BD7-860D-CBC24715737B}"
EndProject
Project("{8BC9CEB8-8B4A-11D0-8D11-00A0C91BC942}") = "Logger", "Logger\Logger.vcxproj", "{66D2C764-9DA8-4505-B869-8E84E8968F7C}"
EndProject
Project("{8BC9CEB8-8B4A-11D0-8D11-00A0C91BC942}") = "Sender", "Sender\Sender.vcxproj", "{40DC3C84-1043-4AC6-A89F-13DAAD3B6A3F}"
EndProject
Project("{8BC9CEB8-8B4A-11D0-8D11-00A0C91BC942}") = "Receiver", "Receiver\Receiver.vcxproj", "{7B8C66E7-930C-4D4F-970A-EE89CC9DACFB}"
EndProject
Project("{8BC9CEB8-8B4A-11D0-8D11-00A0C91BC942}") = "Server", "Server\Server.vcxproj", "{040BCD4B-9404-43A9-B791-A417627E495A}"
EndProject
Project("{8BC9CEB8-8B4A-11D0-8D11-00A0C91BC942}") = "Client", "Client\Client.vcxproj", "{41C7660E-C5FF-4D7B-AF1C-A2101BC750FE}"
EndProject
Project("{2150E333-8FDC-42A3-9474-1A3956D46DE8}") = "Solution Items", "Solution Items", "{FCE02AB0-B5EA-4067-8949-863A6AF5838C}"
EndProject
Project("{8BC9CEB8-8B4A-11D0-8D11-00A0C91BC942}") = "XmlDocument", "XmlDocument\XmlDocument.vcxproj", "{0A82ECDC-7520-453A-8F2C-D813FEEE7537}"
EndProject
Project("{8BC9CEB8-8B4A-11D0-8D11-00A0C91BC942}") = "XmlElement", "XmlElement\XmlElement.vcxproj", "{406B7BC4-3A0D-4E79-A55F-39E1FB33A5ED}"
EndProject
Project("{8BC9CEB8-8B4A-11D0-8D11-00A0C91BC942}") = "XmlElementParts", "XmlElementParts\XmlElementParts.vcxproj", "{E683E9BA-1F9A-4236-BD75-288F90B1244C}"
EndProject
Project("{8BC9CEB8-8B4A-11D0-8D11-00A0C91BC942}") = "XmlParser", "XmlParser\XmlParser.vcxproj", "{82A1627C-4365-4154-A360-301EB80F1521}"
EndProject
Project("{8BC9CEB8-8B4A-11D0-8D11-00A0C91BC942}") = "MetadataHandler", "MetadataHandler\MetadataHandler.vcxproj", "{84588D1E-0955-4613-BB7D-FC72B0E39520}"
EndProject
Project("{8BC9CEB8-8B4A-11D0-8D11-00A0C91BC942}") = "MockChannel", "MockChannel\MockChannel.vcxproj", "{8A5B596C-C501-4CF0-AF7E-6E23F53B18BD}"
EndProject
Project("{8BC9CEB8-8B4A-11D0-8D11-00A0C91BC942}") = "CppCli-WPF-App", "CppCli-WPF-App\CppCli-WPF-App.vcxproj", "{9B64F370-F9F4-4EE7-87DC-31B469402E30}"
EndProject
Project("{8BC9CEB8-8B4A-11D0-8D11-00A0C91BC942}") = "TestExec", "TestExec\TestExec.vcxproj", "{3A3F5049-54A1-4315-9F98-591C90A94A5A}"
EndProject
Global
	GlobalSection(SolutionConfigurationPlatforms) = preSolution
		Debug|x64 = Debug|x64
		Debug|x86 = Debug|x86
		Release|x64 = Release|x64
		Release|x86 = Release|x86
	EndGlobalSection
	GlobalSection(ProjectConfigurationPlatforms) = postSolution
		{CA3129B8-1BF4-44C9-B116-53EC72D0BCCB}.Debug|x64.ActiveCfg = Debug|Win32
		{CA3129B8-1BF4-44C9-B116-53EC72D0BCCB}.Debug|x86.ActiveCfg = Debug|Win32
		{CA3129B8-1BF4-44C9-B116-53EC72D0BCCB}.Debug|x86.Build.0 = Debug|Win32
		{CA3129B8-1BF4-44C9-B116-53EC72D0BCCB}.Release|x64.ActiveCfg = Release|Win32
		{CA3129B8-1BF4-44C9-B116-53EC72D0BCCB}.Release|x86.ActiveCfg = Release|Win32
		{CA3129B8-1BF4-44C9-B116-53EC72D0BCCB}.Release|x86.Build.0 = Release|Win32
		{38A1D03D-7747-4F79-9539-358F1D1D8DD7}.Debug|x64.ActiveCfg = Debug|Win32
		{38A1D03D-7747-4F79-9539-358F1D1D8DD7}.Debug|x86.ActiveCfg = Debug|Win32
		{38A1D03D-7747-4F79-9539-358F1D1D8DD7}.Debug|x86.Build.0 = Debug|Win32
		{38A1D03D-7747-4F79-9539-358F1D1D8DD7}.Release|x64.ActiveCfg = Release|Win32
		{38A1D03D-7747-4F79-9539-358F1D1D8DD7}.Release|x86.ActiveCfg = Release|Win32
		{38A1D03D-7747-4F79-9539-358F1D1D8DD7}.Release|x86.Build.0 = Release|Win32
		{B816C2D9-4493-47DD-9AC2-2979F5354E2B}.Debug|x64.ActiveCfg = Debug|Win32
		{B816C2D9-4493-47DD-9AC2-2979F5354E2B}.Debug|x86.ActiveCfg = Debug|Win32
		{B816C2D9-4493-47DD-9AC2-2979F5354E2B}.Debug|x86.Build.0 = Debug|Win32
		{B816C2D9-4493-47DD-9AC2-2979F5354E2B}.Release|x64.ActiveCfg = Release|Win32
		{B816C2D9-4493-47DD-9AC2-2979F5354E2B}.Release|x86.ActiveCfg = Release|Win32
		{B816C2D9-4493-47DD-9AC2-2979F5354E2B}.Release|x86.Build.0 = Release|Win32
		{DDEE27FF-855E-4D10-AD7B-79CB8966EF13}.Debug|x64.ActiveCfg = Debug|Win32
		{DDEE27FF-855E-4D10-AD7B-79CB8966EF13}.Debug|x86.ActiveCfg = Debug|Win32
		{DDEE27FF-855E-4D10-AD7B-79CB8966EF13}.Debug|x86.Build.0 = Debug|Win32
		{DDEE27FF-855E-4D10-AD7B-79CB8966EF13}.Release|x64.ActiveCfg = Release|Win32
		{DDEE27FF-855E-4D10-AD7B-79CB8966EF13}.Release|x86.ActiveCfg = Release|Win32
		{DDEE27FF-855E-4D10-AD7B-79CB8966EF13}.Release|x86.Build.0 = Release|Win32
		{462B43B2-8B13-4178-BF2A-903F76F1985C}.Debug|x64.ActiveCfg = Debug|x64
		{462B43B2-8B13-4178-BF2A-903F76F1985C}.Debug|x64.Build.0 = Debug|x64
		{462B43B2-8B13-4178-BF2A-903F76F1985C}.Debug|x86.ActiveCfg = Debug|Win32
		{462B43B2-8B13-4178-BF2A-903F76F1985C}.Debug|x86.Build.0 = Debug|Win32
		{462B43B2-8B13-4178-BF2A-903F76F1985C}.Release|x64.ActiveCfg = Release|x64
		{462B43B2-8B13-4178-BF2A-903F76F1985C}.Release|x64.Build.0 = Release|x64
		{462B43B2-8B13-4178-BF2A-903F76F1985C}.Release|x86.ActiveCfg = Release|Win32
		{462B43B2-8B13-4178-BF2A-903F76F1985C}.Release|x86.Build.0 = Release|Win32
		{F66840EA-891C-4671-BF1D-E923D0450B61}.Debug|x64.ActiveCfg = Debug|x64
		{F66840EA-891C-4671-BF1D-E923D0450B61}.Debug|x64.Build.0 = Debug|x64
		{F66840EA-891C-4671-BF1D-E923D0450B61}.Debug|x86.ActiveCfg = Debug|Win32
		{F66840EA-891C-4671-BF1D-E923D0450B61}.Debug|x86.Build.0 = Debug|Win32
		{F66840EA-891C-4671-BF1D-E923D0450B61}.Release|x64.ActiveCfg = Release|x64
		{F66840EA-891C-4671-BF1D-E923D0450B61}.Release|x64.Build.0 = Release|x64
		{F66840EA-891C-4671-BF1D-E923D0450B61}.Release|x86.ActiveCfg = Release|Win32
		{F66840EA-891C-4671-BF1D-E923D0450B61}.Release|x86.Build.0 = Release|Win32
		{3407BBC5-5BC7-4BD7-860D-CBC24715737B}.Debug|x64.ActiveCfg = Debug|Win32
		{3407BBC5-5BC7-4BD7-860D-CBC24715737B}.Debug|x86.ActiveCfg = Debug|Win32
		{3407BBC5-5BC7-4BD7-860D-CBC24715737B}.Debug|x86.Build.0 = Debug|Win32
		{3407BBC5-5BC7-4BD7-860D-CBC24715737B}.Release|x64.ActiveCfg = Release|Win32
		{3407BBC5-5BC7-4BD7-860D-CBC24715737B}.Release|x86.ActiveCfg = Release|Win32
		{3407BBC5-5BC7-4BD7-860D-CBC24715737B}.Release|x86.Build.0 = Release|Win32
		{66D2C764-9DA8-4505-B869-8E84E8968F7C}.Debug|x64.ActiveCfg = Debug|x64
		{66D2C764-9DA8-4505-B869-8E84E8968F7C}.Debug|x64.Build.0 = Debug|x64
		{66D2C764-9DA8-4505-B869-8E84E8968F7C}.Debug|x86.ActiveCfg = Debug|Win32
		{66D2C764-9DA8-4505-B869-8E84E8968F7C}.Debug|x86.Build.0 = Debug|Win32
		{66D2C764-9DA8-4505-B869-8E84E8968F7C}.Release|x64.ActiveCfg = Release|x64
		{66D2C764-9DA8-4505-B869-8E84E8968F7C}.Release|x64.Build.0 = Release|x64
		{66D2C764-9DA8-4505-B869-8E84E8968F7C}.Release|x86.ActiveCfg = Release|Win32
		{66D2C764-9DA8-4505-B869-8E84E8968F7C}.Release|x86.Build.0 = Release|Win32
		{40DC3C84-1043-4AC6-A89F-13DAAD3B6A3F}.Debug|x64.ActiveCfg = Debug|x64
		{40DC3C84-1043-4AC6-A89F-13DAAD3B6A3F}.Debug|x64.Build.0 = Debug|x64
		{40DC3C84-1043-4AC6-A89F-13DAAD3B6A3F}.Debug|x86.ActiveCfg = Debug|Win32
		{40DC3C84-1043-4AC6-A89F-13DAAD3B6A3F}.Debug|x86.Build.0 = Debug|Win32
		{40DC3C84-1043-4AC6-A89F-13DAAD3B6A3F}.Release|x64.ActiveCfg = Release|x64
		{40DC3C84-1043-4AC6-A89F-13DAAD3B6A3F}.Release|x64.Build.0 = Release|x64
		{40DC3C84-1043-4AC6-A89F-13DAAD3B6A3F}.Release|x86.ActiveCfg = Release|Win32
		{40DC3C84-1043-4AC6-A89F-13DAAD3B6A3F}.Release|x86.Build.0 = Release|Win32
		{7B8C66E7-930C-4D4F-970A-EE89CC9DACFB}.Debug|x64.ActiveCfg = Debug|x64
		{7B8C66E7-930C-4D4F-970A-EE89CC9DACFB}.Debug|x64.Build.0 = Debug|x64
		{7B8C66E7-930C-4D4F-970A-EE89CC9DACFB}.Debug|x86.ActiveCfg = Debug|Win32
		{7B8C66E7-930C-4D4F-970A-EE89CC9DACFB}.Debug|x86.Build.0 = Debug|Win32
		{7B8C66E7-930C-4D4F-970A-EE89CC9DACFB}.Release|x64.ActiveCfg = Release|x64
		{7B8C66E7-930C-4D4F-970A-EE89CC9DACFB}.Release|x64.Build.0 = Release|x64
		{7B8C66E7-930C-4D4F-970A-EE89CC9DACFB}.Release|x86.ActiveCfg = Release|Win32
		{7B8C66E7-930C-4D4F-970A-EE89CC9DACFB}.Release|x86.Build.0 = Release|Win32
		{040BCD4B-9404-43A9-B791-A417627E495A}.Debug|x64.ActiveCfg = Debug|x64
		{040BCD4B-9404-43A9-B791-A417627E495A}.Debug|x64.Build.0 = Debug|x64
		{040BCD4B-9404-43A9-B791-A417627E495A}.Debug|x86.ActiveCfg = Debug|Win32
		{040BCD4B-9404-43A9-B791-A417627E495A}.Debug|x86.Build.0 = Debug|Win32
		{040BCD4B-9404-43A9-B791-A417627E495A}.Release|x64.ActiveCfg = Release|x64
		{040BCD4B-9404-43A9-B791-A417627E495A}.Release|x64.Build.0 = Release|x64
		{040BCD4B-9404-43A9-B791-A417627E495A}.Release|x86.ActiveCfg = Release|Win32
		{040BCD4B-9404-43A9-B791-A417627E495A}.Release|x86.Build.0 = Release|Win32
		{41C7660E-C5FF-4D7B-AF1C-A2101BC750FE}.Debug|x64.ActiveCfg = Debug|x64
		{41C7660E-C5FF-4D7B-AF1C-A2101BC750FE}.Debug|x64.Build.0 = Debug|x64
		{41C7660E-C5FF-4D7B-AF1C-A2101BC750FE}.Debug|x86.ActiveCfg = Debug|Win32
		{41C7660E-C5FF-4D7B-AF1C-A2101BC750FE}.Debug|x86.Build.0 = Debug|Win32
		{41C7660E-C5FF-4D7B-AF1C-A2101BC750FE}.Release|x64.ActiveCfg = Release|x64
		{41C7660E-C5FF-4D7B-AF1C-A2101BC750FE}.Release|x64.Build.0 = Release|x64
		{41C7660E-C5FF-4D7B-AF1C-A2101BC750FE}.Release|x86.ActiveCfg = Release|Win32
		{41C7660E-C5FF-4D7B-AF1C-A2101BC750FE}.Release|x86.Build.0 = Release|Win32
		{0A82ECDC-7520-453A-8F2C-D813FEEE7537}.Debug|x64.ActiveCfg = Debug|Win32
		{0A82ECDC-7520-453A-8F2C-D813FEEE7537}.Debug|x86.ActiveCfg = Debug|Win32
		{0A82ECDC-7520-453A-8F2C-D813FEEE7537}.Debug|x86.Build.0 = Debug|Win32
		{0A82ECDC-7520-453A-8F2C-D813FEEE7537}.Release|x64.ActiveCfg = Release|Win32
		{0A82ECDC-7520-453A-8F2C-D813FEEE7537}.Release|x86.ActiveCfg = Release|Win32
		{0A82ECDC-7520-453A-8F2C-D813FEEE7537}.Release|x86.Build.0 = Release|Win32
		{406B7BC4-3A0D-4E79-A55F-39E1FB33A5ED}.Debug|x64.ActiveCfg = Debug|Win32
		{406B7BC4-3A0D-4E79-A55F-39E1FB33A5ED}.Debug|x86.ActiveCfg = Debug|Win32
		{406B7BC4-3A0D-4E79-A55F-39E1FB33A5ED}.Debug|x86.Build.0 = Debug|Win32
		{406B7BC4-3A0D-4E79-A55F-39E1FB33A5ED}.Release|x64.ActiveCfg = Release|Win32
		{406B7BC4-3A0D-4E79-A55F-39E1FB33A5ED}.Release|x86.ActiveCfg = Release|Win32
		{406B7BC4-3A0D-4E79-A55F-39E1FB33A5ED}.Release|x86.Build.0 = Release|Win32
		{E683E9BA-1F9A-4236-BD75-288F90B1244C}.Debug|x64.ActiveCfg = Debug|Win32
		{E683E9BA-1F9A-4236-BD75-288F90B1244C}.Debug|x86.ActiveCfg = Debug|Win32
		{E683E9BA-1F9A-4236-BD75-288F90B1244C}.Debug|x86.Build.0 = Debug|Win32
		{E683E9BA-1F9A-4236-BD75-288F90B1244C}.Release|x64.ActiveCfg = Release|Win32
		{E683E9BA-1F9A-4236-BD75-288F90B1244C}.Release|x86.ActiveCfg = Release|Win32
		{E683E9BA-1F9A-4236-BD75-288F90B1244C}.Release|x86.Build.0 = Release|Win32
		{82A1627C-4365-4154-A360-301EB80F1521}.Debug|x64.ActiveCfg = Debug|Win32
		{82A1627C-4365-4154-A360-301EB80F1521}.Debug|x86.ActiveCfg = Debug|Win32
		{82A1627C-4365-4154-A360-301EB80F1521}.Debug|x86.Build.0 = Debug|Win32
		{82A1627C-4365-4154-A360-301EB80F1521}.Release|x64.ActiveCfg = Release|Win32
		{82A1627C-4365-4154-A360-301EB80F1521}.Release|x86.ActiveCfg = Release|Win32
		{82A1627C-4365-4154-A360-301EB80F1521}.Release|x86.Build.0 = Release|Win32
		{84588D1E-0955-4613-BB7D-FC72B0E39520}.Debug|x64.ActiveCfg = Debug|x64
		{84588D1E-0955-4613-BB7D-FC72B0E39520}.Debug|x64.Build.0 = Debug|x64
		{84588D1E-0955-4613-BB7D-FC72B0E39520}.Debug|x86.ActiveCfg = Debug|Win32
		{84588D1E-0955-4613-BB7D-FC72B0E39520}.Debug|x86.Build.0 = Debug|Win32
		{84588D1E-0955-4613-BB7D-FC72B0E39520}.Release|x64.ActiveCfg = Release|x64
		{84588D1E-0955-4613-BB7D-FC72B0E39520}.Release|x64.Build.0 = Release|x64
		{84588D1E-0955-4613-BB7D-FC72B0E39520}.Release|x86.ActiveCfg = Release|Win32
		{84588D1E-0955-4613-BB7D-FC72B0E39520}.Release|x86.Build.0 = Release|Win32
		{8A5B596C-C501-4CF0-AF7E-6E23F53B18BD}.Debug|x64.ActiveCfg = Debug|Win32
		{8A5B596C-C501-4CF0-AF7E-6E23F53B18BD}.Debug|x86.ActiveCfg = Debug|Win32
		{8A5B596C-C501-4CF0-AF7E-6E23F53B18BD}.Debug|x86.Build.0 = Debug|Win32
		{8A5B596C-C501-4CF0-AF7E-6E23F53B18BD}.Release|x64.ActiveCfg = Release|Win32
		{8A5B596C-C501-4CF0-AF7E-6E23F53B18BD}.Release|x86.ActiveCfg = Release|Win32
		{8A5B596C-C501-4CF0-AF7E-6E23F53B18BD}.Release|x86.Build.0 = Release|Win32
		{9B64F370-F9F4-4EE7-87DC-31B469402E30}.Debug|x64.ActiveCfg = Debug|Win32
		{9B64F370-F9F4-4EE7-87DC-31B469402E30}.Debug|x86.ActiveCfg = Debug|Win32
		{9B64F370-F9F4-4EE7-87DC-31B469402E30}.Debug|x86.Build.0 = Debug|Win32
		{9B64F370-F9F4-4EE7-87DC-31B469402E30}.Release|x64.ActiveCfg = Release|Win32
		{9B64F370-F9F4-4EE7-87DC-31B469402E30}.Release|x86.ActiveCfg = Release|Win32
		{9B64F370-F9F4-4EE7-87DC-31B469402E30}.Release|x86.Build.0 = Release|Win32
		{3A3F5049-54A1-4315-9F98-591C90A94A5A}.Debug|x64.ActiveCfg = Debug|x64
		{3A3F5049-54A1-4315-9F98-591C90A94A5A}.Debug|x64.Build.0 = Debug|x64
		{3A3F5049-54A1-4315-9F98-591C90A94A5A}.Debug|x86.ActiveCfg = Debug|Win32
		{3A3F5049-54A1-4315-9F98-591C90A94A5A}.Debug|x86.Build.0 = Debug|Win32
		{3A3F5049-54A1-4315-9F98-591C90A94A5A}.Release|x64.ActiveCfg = Release|x64
		{3A3F5049-54A1-4315-9F98-591C90A94A5A}.Release|x64.Build.0 = Release|x64
		{3A3F5049-54A1-4315-9F98-591C90A94A5A}.Release|x86.ActiveCfg = Release|Win32
		{3A3F5049-54A1-4315-9F98-591C90A94A5A}.Release|x86.Build.0 = Release|Win32
	EndGlobalSection
	GlobalSection(SolutionProperties) = preSolution
		HideSolutionNode = FALSE
	EndGlobalSection
EndGlobal
